// !$*UTF8*$!
{
	archiveVersion = 1;
	classes = {
	};
	objectVersion = 46;
	objects = {

/* Begin PBXBuildFile section */
		065E441515B9DE0700EEECD8 /* UIKit.framework in Frameworks */ = {isa = PBXBuildFile; fileRef = 065E441415B9DE0700EEECD8 /* UIKit.framework */; };
		065E441715B9DE0700EEECD8 /* Foundation.framework in Frameworks */ = {isa = PBXBuildFile; fileRef = 065E441615B9DE0700EEECD8 /* Foundation.framework */; };
		065E441915B9DE0700EEECD8 /* CoreGraphics.framework in Frameworks */ = {isa = PBXBuildFile; fileRef = 065E441815B9DE0700EEECD8 /* CoreGraphics.framework */; };
		065E441F15B9DE0700EEECD8 /* InfoPlist.strings in Resources */ = {isa = PBXBuildFile; fileRef = 065E441D15B9DE0700EEECD8 /* InfoPlist.strings */; };
		065E442115B9DE0700EEECD8 /* main.m in Sources */ = {isa = PBXBuildFile; fileRef = 065E442015B9DE0700EEECD8 /* main.m */; };
		065E442515B9DE0700EEECD8 /* ACAppDelegate.m in Sources */ = {isa = PBXBuildFile; fileRef = 065E442415B9DE0700EEECD8 /* ACAppDelegate.m */; };
		065E442815B9DE0700EEECD8 /* MainStoryboard_iPhone.storyboard in Resources */ = {isa = PBXBuildFile; fileRef = 065E442615B9DE0700EEECD8 /* MainStoryboard_iPhone.storyboard */; };
		065E442B15B9DE0700EEECD8 /* MainStoryboard_iPad.storyboard in Resources */ = {isa = PBXBuildFile; fileRef = 065E442915B9DE0700EEECD8 /* MainStoryboard_iPad.storyboard */; };
		065E442E15B9DE0700EEECD8 /* ACFirstViewController.m in Sources */ = {isa = PBXBuildFile; fileRef = 065E442D15B9DE0700EEECD8 /* ACFirstViewController.m */; };
		065E443015B9DE0700EEECD8 /* first.png in Resources */ = {isa = PBXBuildFile; fileRef = 065E442F15B9DE0700EEECD8 /* first.png */; };
		065E443215B9DE0700EEECD8 /* first@2x.png in Resources */ = {isa = PBXBuildFile; fileRef = 065E443115B9DE0700EEECD8 /* first@2x.png */; };
		065E443515B9DE0700EEECD8 /* ACSecondViewController.m in Sources */ = {isa = PBXBuildFile; fileRef = 065E443415B9DE0700EEECD8 /* ACSecondViewController.m */; };
		065E443715B9DE0700EEECD8 /* second.png in Resources */ = {isa = PBXBuildFile; fileRef = 065E443615B9DE0700EEECD8 /* second.png */; };
		065E443915B9DE0700EEECD8 /* second@2x.png in Resources */ = {isa = PBXBuildFile; fileRef = 065E443815B9DE0700EEECD8 /* second@2x.png */; };
		065E444115B9DE0700EEECD8 /* SenTestingKit.framework in Frameworks */ = {isa = PBXBuildFile; fileRef = 065E444015B9DE0700EEECD8 /* SenTestingKit.framework */; };
		065E444215B9DE0700EEECD8 /* UIKit.framework in Frameworks */ = {isa = PBXBuildFile; fileRef = 065E441415B9DE0700EEECD8 /* UIKit.framework */; };
		065E444315B9DE0700EEECD8 /* Foundation.framework in Frameworks */ = {isa = PBXBuildFile; fileRef = 065E441615B9DE0700EEECD8 /* Foundation.framework */; };
		065E444B15B9DE0700EEECD8 /* InfoPlist.strings in Resources */ = {isa = PBXBuildFile; fileRef = 065E444915B9DE0700EEECD8 /* InfoPlist.strings */; };
		065E444E15B9DE0700EEECD8 /* AC234Tests.m in Sources */ = {isa = PBXBuildFile; fileRef = 065E444D15B9DE0700EEECD8 /* AC234Tests.m */; };
		06BB993415BDCE09007B6685 /* AC234.xcdatamodel in Sources */ = {isa = PBXBuildFile; fileRef = 06BB993315BDCE09007B6685 /* AC234.xcdatamodel */; };
		06BB993815BDCE45007B6685 /* ACGlobalInfos.m in Sources */ = {isa = PBXBuildFile; fileRef = 06BB993715BDCE45007B6685 /* ACGlobalInfos.m */; };
		06BB993C15BDCEC0007B6685 /* ACCoreDataStore.m in Sources */ = {isa = PBXBuildFile; fileRef = 06BB993B15BDCEC0007B6685 /* ACCoreDataStore.m */; };
		06BB994115BDD014007B6685 /* KeychainItemWrapper.m in Sources */ = {isa = PBXBuildFile; fileRef = 06BB994015BDD014007B6685 /* KeychainItemWrapper.m */; };
		06BB994515BDD148007B6685 /* CFNetwork.framework in Frameworks */ = {isa = PBXBuildFile; fileRef = 06BB994215BDD148007B6685 /* CFNetwork.framework */; };
		06BB994715BDD148007B6685 /* CoreMedia.framework in Frameworks */ = {isa = PBXBuildFile; fileRef = 06BB994415BDD148007B6685 /* CoreMedia.framework */; };
		06BB994A15BDD196007B6685 /* AVFoundation.framework in Frameworks */ = {isa = PBXBuildFile; fileRef = 06BB994815BDD196007B6685 /* AVFoundation.framework */; };
		06BB994B15BDD196007B6685 /* Security.framework in Frameworks */ = {isa = PBXBuildFile; fileRef = 06BB994915BDD196007B6685 /* Security.framework */; };
		06BB994E15BDD1F6007B6685 /* libxml2.2.7.3.dylib in Frameworks */ = {isa = PBXBuildFile; fileRef = 06BB994C15BDD1F6007B6685 /* libxml2.2.7.3.dylib */; };
		06BB994F15BDD1F6007B6685 /* MediaPlayer.framework in Frameworks */ = {isa = PBXBuildFile; fileRef = 06BB994D15BDD1F6007B6685 /* MediaPlayer.framework */; };
		06BB995915BDDFC4007B6685 /* CoreData.framework in Frameworks */ = {isa = PBXBuildFile; fileRef = 06BB994315BDD148007B6685 /* CoreData.framework */; };
/* End PBXBuildFile section */

/* Begin PBXContainerItemProxy section */
		065E444415B9DE0700EEECD8 /* PBXContainerItemProxy */ = {
			isa = PBXContainerItemProxy;
			containerPortal = 065E440715B9DE0600EEECD8 /* Project object */;
			proxyType = 1;
			remoteGlobalIDString = 065E440F15B9DE0700EEECD8;
			remoteInfo = AC234;
		};
/* End PBXContainerItemProxy section */

/* Begin PBXFileReference section */
		065E441015B9DE0700EEECD8 /* AC234.app */ = {isa = PBXFileReference; explicitFileType = wrapper.application; includeInIndex = 0; path = AC234.app; sourceTree = BUILT_PRODUCTS_DIR; };
		065E441415B9DE0700EEECD8 /* UIKit.framework */ = {isa = PBXFileReference; lastKnownFileType = wrapper.framework; name = UIKit.framework; path = System/Library/Frameworks/UIKit.framework; sourceTree = SDKROOT; };
		065E441615B9DE0700EEECD8 /* Foundation.framework */ = {isa = PBXFileReference; lastKnownFileType = wrapper.framework; name = Foundation.framework; path = System/Library/Frameworks/Foundation.framework; sourceTree = SDKROOT; };
		065E441815B9DE0700EEECD8 /* CoreGraphics.framework */ = {isa = PBXFileReference; lastKnownFileType = wrapper.framework; name = CoreGraphics.framework; path = System/Library/Frameworks/CoreGraphics.framework; sourceTree = SDKROOT; };
		065E441C15B9DE0700EEECD8 /* AC234-Info.plist */ = {isa = PBXFileReference; lastKnownFileType = text.plist.xml; path = "AC234-Info.plist"; sourceTree = "<group>"; };
		065E441E15B9DE0700EEECD8 /* en */ = {isa = PBXFileReference; lastKnownFileType = text.plist.strings; name = en; path = en.lproj/InfoPlist.strings; sourceTree = "<group>"; };
		065E442015B9DE0700EEECD8 /* main.m */ = {isa = PBXFileReference; lastKnownFileType = sourcecode.c.objc; path = main.m; sourceTree = "<group>"; };
		065E442215B9DE0700EEECD8 /* AC234-Prefix.pch */ = {isa = PBXFileReference; lastKnownFileType = sourcecode.c.h; path = "AC234-Prefix.pch"; sourceTree = "<group>"; };
		065E442315B9DE0700EEECD8 /* ACAppDelegate.h */ = {isa = PBXFileReference; lastKnownFileType = sourcecode.c.h; path = ACAppDelegate.h; sourceTree = "<group>"; };
		065E442415B9DE0700EEECD8 /* ACAppDelegate.m */ = {isa = PBXFileReference; lastKnownFileType = sourcecode.c.objc; path = ACAppDelegate.m; sourceTree = "<group>"; };
		065E442715B9DE0700EEECD8 /* en */ = {isa = PBXFileReference; lastKnownFileType = file.storyboard; name = en; path = en.lproj/MainStoryboard_iPhone.storyboard; sourceTree = "<group>"; };
		065E442A15B9DE0700EEECD8 /* en */ = {isa = PBXFileReference; lastKnownFileType = file.storyboard; name = en; path = en.lproj/MainStoryboard_iPad.storyboard; sourceTree = "<group>"; };
		065E442C15B9DE0700EEECD8 /* ACFirstViewController.h */ = {isa = PBXFileReference; lastKnownFileType = sourcecode.c.h; path = ACFirstViewController.h; sourceTree = "<group>"; };
		065E442D15B9DE0700EEECD8 /* ACFirstViewController.m */ = {isa = PBXFileReference; lastKnownFileType = sourcecode.c.objc; path = ACFirstViewController.m; sourceTree = "<group>"; };
		065E442F15B9DE0700EEECD8 /* first.png */ = {isa = PBXFileReference; lastKnownFileType = image.png; path = first.png; sourceTree = "<group>"; };
		065E443115B9DE0700EEECD8 /* first@2x.png */ = {isa = PBXFileReference; lastKnownFileType = image.png; path = "first@2x.png"; sourceTree = "<group>"; };
		065E443315B9DE0700EEECD8 /* ACSecondViewController.h */ = {isa = PBXFileReference; lastKnownFileType = sourcecode.c.h; path = ACSecondViewController.h; sourceTree = "<group>"; };
		065E443415B9DE0700EEECD8 /* ACSecondViewController.m */ = {isa = PBXFileReference; lastKnownFileType = sourcecode.c.objc; path = ACSecondViewController.m; sourceTree = "<group>"; };
		065E443615B9DE0700EEECD8 /* second.png */ = {isa = PBXFileReference; lastKnownFileType = image.png; path = second.png; sourceTree = "<group>"; };
		065E443815B9DE0700EEECD8 /* second@2x.png */ = {isa = PBXFileReference; lastKnownFileType = image.png; path = "second@2x.png"; sourceTree = "<group>"; };
		065E443F15B9DE0700EEECD8 /* AC234Tests.octest */ = {isa = PBXFileReference; explicitFileType = wrapper.cfbundle; includeInIndex = 0; path = AC234Tests.octest; sourceTree = BUILT_PRODUCTS_DIR; };
		065E444015B9DE0700EEECD8 /* SenTestingKit.framework */ = {isa = PBXFileReference; lastKnownFileType = wrapper.framework; name = SenTestingKit.framework; path = Library/Frameworks/SenTestingKit.framework; sourceTree = DEVELOPER_DIR; };
		065E444815B9DE0700EEECD8 /* AC234Tests-Info.plist */ = {isa = PBXFileReference; lastKnownFileType = text.plist.xml; path = "AC234Tests-Info.plist"; sourceTree = "<group>"; };
		065E444A15B9DE0700EEECD8 /* en */ = {isa = PBXFileReference; lastKnownFileType = text.plist.strings; name = en; path = en.lproj/InfoPlist.strings; sourceTree = "<group>"; };
		065E444C15B9DE0700EEECD8 /* AC234Tests.h */ = {isa = PBXFileReference; lastKnownFileType = sourcecode.c.h; path = AC234Tests.h; sourceTree = "<group>"; };
		065E444D15B9DE0700EEECD8 /* AC234Tests.m */ = {isa = PBXFileReference; lastKnownFileType = sourcecode.c.objc; path = AC234Tests.m; sourceTree = "<group>"; };
		06BB993315BDCE09007B6685 /* AC234.xcdatamodel */ = {isa = PBXFileReference; lastKnownFileType = wrapper.xcdatamodel; path = AC234.xcdatamodel; sourceTree = "<group>"; };
		06BB993615BDCE45007B6685 /* ACGlobalInfos.h */ = {isa = PBXFileReference; fileEncoding = 4; lastKnownFileType = sourcecode.c.h; path = ACGlobalInfos.h; sourceTree = "<group>"; };
		06BB993715BDCE45007B6685 /* ACGlobalInfos.m */ = {isa = PBXFileReference; fileEncoding = 4; lastKnownFileType = sourcecode.c.objc; path = ACGlobalInfos.m; sourceTree = "<group>"; };
		06BB993A15BDCEC0007B6685 /* ACCoreDataStore.h */ = {isa = PBXFileReference; fileEncoding = 4; lastKnownFileType = sourcecode.c.h; name = ACCoreDataStore.h; path = Classes/Model/ACCoreDataStore.h; sourceTree = "<group>"; };
		06BB993B15BDCEC0007B6685 /* ACCoreDataStore.m */ = {isa = PBXFileReference; fileEncoding = 4; lastKnownFileType = sourcecode.c.objc; name = ACCoreDataStore.m; path = Classes/Model/ACCoreDataStore.m; sourceTree = "<group>"; };
		06BB993F15BDD014007B6685 /* KeychainItemWrapper.h */ = {isa = PBXFileReference; fileEncoding = 4; lastKnownFileType = sourcecode.c.h; name = KeychainItemWrapper.h; path = Classes/Security/KeychainItemWrapper.h; sourceTree = "<group>"; };
		06BB994015BDD014007B6685 /* KeychainItemWrapper.m */ = {isa = PBXFileReference; fileEncoding = 4; lastKnownFileType = sourcecode.c.objc; name = KeychainItemWrapper.m; path = Classes/Security/KeychainItemWrapper.m; sourceTree = "<group>"; };
		06BB994215BDD148007B6685 /* CFNetwork.framework */ = {isa = PBXFileReference; lastKnownFileType = wrapper.framework; name = CFNetwork.framework; path = System/Library/Frameworks/CFNetwork.framework; sourceTree = SDKROOT; };
		06BB994315BDD148007B6685 /* CoreData.framework */ = {isa = PBXFileReference; lastKnownFileType = wrapper.framework; name = CoreData.framework; path = System/Library/Frameworks/CoreData.framework; sourceTree = SDKROOT; };
		06BB994415BDD148007B6685 /* CoreMedia.framework */ = {isa = PBXFileReference; lastKnownFileType = wrapper.framework; name = CoreMedia.framework; path = System/Library/Frameworks/CoreMedia.framework; sourceTree = SDKROOT; };
		06BB994815BDD196007B6685 /* AVFoundation.framework */ = {isa = PBXFileReference; lastKnownFileType = wrapper.framework; name = AVFoundation.framework; path = System/Library/Frameworks/AVFoundation.framework; sourceTree = SDKROOT; };
		06BB994915BDD196007B6685 /* Security.framework */ = {isa = PBXFileReference; lastKnownFileType = wrapper.framework; name = Security.framework; path = System/Library/Frameworks/Security.framework; sourceTree = SDKROOT; };
		06BB994C15BDD1F6007B6685 /* libxml2.2.7.3.dylib */ = {isa = PBXFileReference; lastKnownFileType = "compiled.mach-o.dylib"; name = libxml2.2.7.3.dylib; path = usr/lib/libxml2.2.7.3.dylib; sourceTree = SDKROOT; };
		06BB994D15BDD1F6007B6685 /* MediaPlayer.framework */ = {isa = PBXFileReference; lastKnownFileType = wrapper.framework; name = MediaPlayer.framework; path = System/Library/Frameworks/MediaPlayer.framework; sourceTree = SDKROOT; };
/* End PBXFileReference section */

/* Begin PBXFrameworksBuildPhase section */
		065E440D15B9DE0700EEECD8 /* Frameworks */ = {
			isa = PBXFrameworksBuildPhase;
			buildActionMask = 2147483647;
			files = (
				06BB994E15BDD1F6007B6685 /* libxml2.2.7.3.dylib in Frameworks */,
				06BB995915BDDFC4007B6685 /* CoreData.framework in Frameworks */,
				06BB994715BDD148007B6685 /* CoreMedia.framework in Frameworks */,
				06BB994515BDD148007B6685 /* CFNetwork.framework in Frameworks */,
				06BB994A15BDD196007B6685 /* AVFoundation.framework in Frameworks */,
				06BB994B15BDD196007B6685 /* Security.framework in Frameworks */,
				065E441715B9DE0700EEECD8 /* Foundation.framework in Frameworks */,
				065E441515B9DE0700EEECD8 /* UIKit.framework in Frameworks */,
				065E441915B9DE0700EEECD8 /* CoreGraphics.framework in Frameworks */,
				06BB994F15BDD1F6007B6685 /* MediaPlayer.framework in Frameworks */,
			);
			runOnlyForDeploymentPostprocessing = 0;
		};
		065E443B15B9DE0700EEECD8 /* Frameworks */ = {
			isa = PBXFrameworksBuildPhase;
			buildActionMask = 2147483647;
			files = (
				065E444115B9DE0700EEECD8 /* SenTestingKit.framework in Frameworks */,
				065E444215B9DE0700EEECD8 /* UIKit.framework in Frameworks */,
				065E444315B9DE0700EEECD8 /* Foundation.framework in Frameworks */,
			);
			runOnlyForDeploymentPostprocessing = 0;
		};
/* End PBXFrameworksBuildPhase section */

/* Begin PBXGroup section */
		065E440515B9DE0600EEECD8 = {
			isa = PBXGroup;
			children = (
				065E441A15B9DE0700EEECD8 /* AC234 */,
				065E444615B9DE0700EEECD8 /* AC234Tests */,
				065E441315B9DE0700EEECD8 /* Frameworks */,
				065E441115B9DE0700EEECD8 /* Products */,
			);
			sourceTree = "<group>";
		};
		065E441115B9DE0700EEECD8 /* Products */ = {
			isa = PBXGroup;
			children = (
				065E441015B9DE0700EEECD8 /* AC234.app */,
				065E443F15B9DE0700EEECD8 /* AC234Tests.octest */,
			);
			name = Products;
			sourceTree = "<group>";
		};
		065E441315B9DE0700EEECD8 /* Frameworks */ = {
			isa = PBXGroup;
			children = (
				06BB994C15BDD1F6007B6685 /* libxml2.2.7.3.dylib */,
				06BB994D15BDD1F6007B6685 /* MediaPlayer.framework */,
				06BB994815BDD196007B6685 /* AVFoundation.framework */,
				06BB994915BDD196007B6685 /* Security.framework */,
				06BB994215BDD148007B6685 /* CFNetwork.framework */,
				06BB994315BDD148007B6685 /* CoreData.framework */,
				06BB994415BDD148007B6685 /* CoreMedia.framework */,
				065E441415B9DE0700EEECD8 /* UIKit.framework */,
				065E441615B9DE0700EEECD8 /* Foundation.framework */,
				065E441815B9DE0700EEECD8 /* CoreGraphics.framework */,
				065E444015B9DE0700EEECD8 /* SenTestingKit.framework */,
			);
			name = Frameworks;
			sourceTree = "<group>";
		};
		065E441A15B9DE0700EEECD8 /* AC234 */ = {
			isa = PBXGroup;
			children = (
				06BB993D15BDCF0B007B6685 /* Icons */,
				06BB993915BDCEAE007B6685 /* Model */,
				06BB993E15BDD004007B6685 /* Security */,
				06BB993615BDCE45007B6685 /* ACGlobalInfos.h */,
				06BB993715BDCE45007B6685 /* ACGlobalInfos.m */,
				06BB993315BDCE09007B6685 /* AC234.xcdatamodel */,
				065E442315B9DE0700EEECD8 /* ACAppDelegate.h */,
				065E442415B9DE0700EEECD8 /* ACAppDelegate.m */,
				065E442615B9DE0700EEECD8 /* MainStoryboard_iPhone.storyboard */,
				065E442915B9DE0700EEECD8 /* MainStoryboard_iPad.storyboard */,
				065E442C15B9DE0700EEECD8 /* ACFirstViewController.h */,
				065E442D15B9DE0700EEECD8 /* ACFirstViewController.m */,
				065E443315B9DE0700EEECD8 /* ACSecondViewController.h */,
				065E443415B9DE0700EEECD8 /* ACSecondViewController.m */,
				065E441B15B9DE0700EEECD8 /* Supporting Files */,
			);
			path = AC234;
			sourceTree = "<group>";
		};
		065E441B15B9DE0700EEECD8 /* Supporting Files */ = {
			isa = PBXGroup;
			children = (
				065E441C15B9DE0700EEECD8 /* AC234-Info.plist */,
				065E441D15B9DE0700EEECD8 /* InfoPlist.strings */,
				065E442015B9DE0700EEECD8 /* main.m */,
				065E442215B9DE0700EEECD8 /* AC234-Prefix.pch */,
			);
			name = "Supporting Files";
			sourceTree = "<group>";
		};
		065E444615B9DE0700EEECD8 /* AC234Tests */ = {
			isa = PBXGroup;
			children = (
				065E444C15B9DE0700EEECD8 /* AC234Tests.h */,
				065E444D15B9DE0700EEECD8 /* AC234Tests.m */,
				065E444715B9DE0700EEECD8 /* Supporting Files */,
			);
			path = AC234Tests;
			sourceTree = "<group>";
		};
		065E444715B9DE0700EEECD8 /* Supporting Files */ = {
			isa = PBXGroup;
			children = (
				065E444815B9DE0700EEECD8 /* AC234Tests-Info.plist */,
				065E444915B9DE0700EEECD8 /* InfoPlist.strings */,
			);
			name = "Supporting Files";
			sourceTree = "<group>";
		};
		06BB993915BDCEAE007B6685 /* Model */ = {
			isa = PBXGroup;
			children = (
				06BB993A15BDCEC0007B6685 /* ACCoreDataStore.h */,
				06BB993B15BDCEC0007B6685 /* ACCoreDataStore.m */,
			);
			name = Model;
			sourceTree = "<group>";
		};
		06BB993D15BDCF0B007B6685 /* Icons */ = {
			isa = PBXGroup;
			children = (
				065E442F15B9DE0700EEECD8 /* first.png */,
				065E443115B9DE0700EEECD8 /* first@2x.png */,
				065E443615B9DE0700EEECD8 /* second.png */,
				065E443815B9DE0700EEECD8 /* second@2x.png */,
			);
			name = Icons;
			sourceTree = "<group>";
		};
		06BB993E15BDD004007B6685 /* Security */ = {
			isa = PBXGroup;
			children = (
				06BB993F15BDD014007B6685 /* KeychainItemWrapper.h */,
				06BB994015BDD014007B6685 /* KeychainItemWrapper.m */,
			);
			name = Security;
			sourceTree = "<group>";
		};
/* End PBXGroup section */

/* Begin PBXNativeTarget section */
		065E440F15B9DE0700EEECD8 /* AC234 */ = {
			isa = PBXNativeTarget;
			buildConfigurationList = 065E445115B9DE0700EEECD8 /* Build configuration list for PBXNativeTarget "AC234" */;
			buildPhases = (
				065E440C15B9DE0700EEECD8 /* Sources */,
				065E440D15B9DE0700EEECD8 /* Frameworks */,
				065E440E15B9DE0700EEECD8 /* Resources */,
			);
			buildRules = (
			);
			dependencies = (
			);
			name = AC234;
			productName = AC234;
			productReference = 065E441015B9DE0700EEECD8 /* AC234.app */;
			productType = "com.apple.product-type.application";
		};
		065E443E15B9DE0700EEECD8 /* AC234Tests */ = {
			isa = PBXNativeTarget;
			buildConfigurationList = 065E445415B9DE0700EEECD8 /* Build configuration list for PBXNativeTarget "AC234Tests" */;
			buildPhases = (
				065E443A15B9DE0700EEECD8 /* Sources */,
				065E443B15B9DE0700EEECD8 /* Frameworks */,
				065E443C15B9DE0700EEECD8 /* Resources */,
				065E443D15B9DE0700EEECD8 /* ShellScript */,
			);
			buildRules = (
			);
			dependencies = (
				065E444515B9DE0700EEECD8 /* PBXTargetDependency */,
			);
			name = AC234Tests;
			productName = AC234Tests;
			productReference = 065E443F15B9DE0700EEECD8 /* AC234Tests.octest */;
			productType = "com.apple.product-type.bundle";
		};
/* End PBXNativeTarget section */

/* Begin PBXProject section */
		065E440715B9DE0600EEECD8 /* Project object */ = {
			isa = PBXProject;
			attributes = {
				CLASSPREFIX = AC;
				LastUpgradeCheck = 0430;
			};
			buildConfigurationList = 065E440A15B9DE0600EEECD8 /* Build configuration list for PBXProject "AC234" */;
			compatibilityVersion = "Xcode 3.2";
			developmentRegion = English;
			hasScannedForEncodings = 0;
			knownRegions = (
				en,
			);
			mainGroup = 065E440515B9DE0600EEECD8;
			productRefGroup = 065E441115B9DE0700EEECD8 /* Products */;
			projectDirPath = "";
			projectRoot = "";
			targets = (
				065E440F15B9DE0700EEECD8 /* AC234 */,
				065E443E15B9DE0700EEECD8 /* AC234Tests */,
			);
		};
/* End PBXProject section */

/* Begin PBXResourcesBuildPhase section */
		065E440E15B9DE0700EEECD8 /* Resources */ = {
			isa = PBXResourcesBuildPhase;
			buildActionMask = 2147483647;
			files = (
				065E441F15B9DE0700EEECD8 /* InfoPlist.strings in Resources */,
				065E442815B9DE0700EEECD8 /* MainStoryboard_iPhone.storyboard in Resources */,
				065E442B15B9DE0700EEECD8 /* MainStoryboard_iPad.storyboard in Resources */,
				065E443015B9DE0700EEECD8 /* first.png in Resources */,
				065E443215B9DE0700EEECD8 /* first@2x.png in Resources */,
				065E443715B9DE0700EEECD8 /* second.png in Resources */,
				065E443915B9DE0700EEECD8 /* second@2x.png in Resources */,
			);
			runOnlyForDeploymentPostprocessing = 0;
		};
		065E443C15B9DE0700EEECD8 /* Resources */ = {
			isa = PBXResourcesBuildPhase;
			buildActionMask = 2147483647;
			files = (
				065E444B15B9DE0700EEECD8 /* InfoPlist.strings in Resources */,
			);
			runOnlyForDeploymentPostprocessing = 0;
		};
/* End PBXResourcesBuildPhase section */

/* Begin PBXShellScriptBuildPhase section */
		065E443D15B9DE0700EEECD8 /* ShellScript */ = {
			isa = PBXShellScriptBuildPhase;
			buildActionMask = 2147483647;
			files = (
			);
			inputPaths = (
			);
			outputPaths = (
			);
			runOnlyForDeploymentPostprocessing = 0;
			shellPath = /bin/sh;
			shellScript = "# Run the unit tests in this test bundle.\n\"${SYSTEM_DEVELOPER_DIR}/Tools/RunUnitTests\"\n";
		};
/* End PBXShellScriptBuildPhase section */

/* Begin PBXSourcesBuildPhase section */
		065E440C15B9DE0700EEECD8 /* Sources */ = {
			isa = PBXSourcesBuildPhase;
			buildActionMask = 2147483647;
			files = (
				065E442115B9DE0700EEECD8 /* main.m in Sources */,
				065E442515B9DE0700EEECD8 /* ACAppDelegate.m in Sources */,
				065E442E15B9DE0700EEECD8 /* ACFirstViewController.m in Sources */,
				065E443515B9DE0700EEECD8 /* ACSecondViewController.m in Sources */,
				06BB993415BDCE09007B6685 /* AC234.xcdatamodel in Sources */,
				06BB993815BDCE45007B6685 /* ACGlobalInfos.m in Sources */,
				06BB993C15BDCEC0007B6685 /* ACCoreDataStore.m in Sources */,
				06BB994115BDD014007B6685 /* KeychainItemWrapper.m in Sources */,
			);
			runOnlyForDeploymentPostprocessing = 0;
		};
		065E443A15B9DE0700EEECD8 /* Sources */ = {
			isa = PBXSourcesBuildPhase;
			buildActionMask = 2147483647;
			files = (
				065E444E15B9DE0700EEECD8 /* AC234Tests.m in Sources */,
			);
			runOnlyForDeploymentPostprocessing = 0;
		};
/* End PBXSourcesBuildPhase section */

/* Begin PBXTargetDependency section */
		065E444515B9DE0700EEECD8 /* PBXTargetDependency */ = {
			isa = PBXTargetDependency;
			target = 065E440F15B9DE0700EEECD8 /* AC234 */;
			targetProxy = 065E444415B9DE0700EEECD8 /* PBXContainerItemProxy */;
		};
/* End PBXTargetDependency section */

/* Begin PBXVariantGroup section */
		065E441D15B9DE0700EEECD8 /* InfoPlist.strings */ = {
			isa = PBXVariantGroup;
			children = (
				065E441E15B9DE0700EEECD8 /* en */,
			);
			name = InfoPlist.strings;
			sourceTree = "<group>";
		};
		065E442615B9DE0700EEECD8 /* MainStoryboard_iPhone.storyboard */ = {
			isa = PBXVariantGroup;
			children = (
				065E442715B9DE0700EEECD8 /* en */,
			);
			name = MainStoryboard_iPhone.storyboard;
			sourceTree = "<group>";
		};
		065E442915B9DE0700EEECD8 /* MainStoryboard_iPad.storyboard */ = {
			isa = PBXVariantGroup;
			children = (
				065E442A15B9DE0700EEECD8 /* en */,
			);
			name = MainStoryboard_iPad.storyboard;
			sourceTree = "<group>";
		};
		065E444915B9DE0700EEECD8 /* InfoPlist.strings */ = {
			isa = PBXVariantGroup;
			children = (
				065E444A15B9DE0700EEECD8 /* en */,
			);
			name = InfoPlist.strings;
			sourceTree = "<group>";
		};
/* End PBXVariantGroup section */

/* Begin XCBuildConfiguration section */
		065E444F15B9DE0700EEECD8 /* Debug */ = {
			isa = XCBuildConfiguration;
			buildSettings = {
				ALWAYS_SEARCH_USER_PATHS = NO;
				ARCHS = "$(ARCHS_STANDARD_32_BIT)";
				CLANG_ENABLE_OBJC_ARC = YES;
				"CODE_SIGN_IDENTITY[sdk=iphoneos*]" = "iPhone Developer";
				COPY_PHASE_STRIP = NO;
				GCC_C_LANGUAGE_STANDARD = gnu99;
				GCC_DYNAMIC_NO_PIC = NO;
				GCC_OPTIMIZATION_LEVEL = 0;
				GCC_PREPROCESSOR_DEFINITIONS = (
					"DEBUG=1",
					"$(inherited)",
				);
				GCC_SYMBOLS_PRIVATE_EXTERN = NO;
				GCC_VERSION = com.apple.compilers.llvm.clang.1_0;
				GCC_WARN_ABOUT_RETURN_TYPE = YES;
				GCC_WARN_UNINITIALIZED_AUTOS = YES;
				GCC_WARN_UNUSED_VARIABLE = YES;
				IPHONEOS_DEPLOYMENT_TARGET = 5.1;
				SDKROOT = iphoneos;
				TARGETED_DEVICE_FAMILY = "1,2";
			};
			name = Debug;
		};
		065E445015B9DE0700EEECD8 /* Release */ = {
			isa = XCBuildConfiguration;
			buildSettings = {
				ALWAYS_SEARCH_USER_PATHS = NO;
				ARCHS = "$(ARCHS_STANDARD_32_BIT)";
				CLANG_ENABLE_OBJC_ARC = YES;
				"CODE_SIGN_IDENTITY[sdk=iphoneos*]" = "iPhone Developer";
				COPY_PHASE_STRIP = YES;
				GCC_C_LANGUAGE_STANDARD = gnu99;
				GCC_VERSION = com.apple.compilers.llvm.clang.1_0;
				GCC_WARN_ABOUT_RETURN_TYPE = YES;
				GCC_WARN_UNINITIALIZED_AUTOS = YES;
				GCC_WARN_UNUSED_VARIABLE = YES;
				IPHONEOS_DEPLOYMENT_TARGET = 5.1;
				OTHER_CFLAGS = "-DNS_BLOCK_ASSERTIONS=1";
				SDKROOT = iphoneos;
				TARGETED_DEVICE_FAMILY = "1,2";
				VALIDATE_PRODUCT = YES;
			};
			name = Release;
		};
		065E445215B9DE0700EEECD8 /* Debug */ = {
			isa = XCBuildConfiguration;
			buildSettings = {
				GCC_PRECOMPILE_PREFIX_HEADER = YES;
				GCC_PREFIX_HEADER = "AC234/AC234-Prefix.pch";
				INFOPLIST_FILE = "AC234/AC234-Info.plist";
				PRODUCT_NAME = "$(TARGET_NAME)";
				WRAPPER_EXTENSION = app;
			};
			name = Debug;
		};
		065E445315B9DE0700EEECD8 /* Release */ = {
			isa = XCBuildConfiguration;
			buildSettings = {
				GCC_PRECOMPILE_PREFIX_HEADER = YES;
				GCC_PREFIX_HEADER = "AC234/AC234-Prefix.pch";
				INFOPLIST_FILE = "AC234/AC234-Info.plist";
				PRODUCT_NAME = "$(TARGET_NAME)";
				WRAPPER_EXTENSION = app;
			};
			name = Release;
		};
		065E445515B9DE0700EEECD8 /* Debug */ = {
			isa = XCBuildConfiguration;
			buildSettings = {
				BUNDLE_LOADER = "$(BUILT_PRODUCTS_DIR)/AC234.app/AC234";
				FRAMEWORK_SEARCH_PATHS = (
					"$(SDKROOT)/Developer/Library/Frameworks",
					"$(DEVELOPER_LIBRARY_DIR)/Frameworks",
				);
				GCC_PRECOMPILE_PREFIX_HEADER = YES;
				GCC_PREFIX_HEADER = "AC234/AC234-Prefix.pch";
				INFOPLIST_FILE = "AC234Tests/AC234Tests-Info.plist";
				PRODUCT_NAME = "$(TARGET_NAME)";
				TEST_HOST = "$(BUNDLE_LOADER)";
				WRAPPER_EXTENSION = octest;
			};
			name = Debug;
		};
		065E445615B9DE0700EEECD8 /* Release */ = {
			isa = XCBuildConfiguration;
			buildSettings = {
				BUNDLE_LOADER = "$(BUILT_PRODUCTS_DIR)/AC234.app/AC234";
				FRAMEWORK_SEARCH_PATHS = (
					"$(SDKROOT)/Developer/Library/Frameworks",
					"$(DEVELOPER_LIBRARY_DIR)/Frameworks",
				);
				GCC_PRECOMPILE_PREFIX_HEADER = YES;
				GCC_PREFIX_HEADER = "AC234/AC234-Prefix.pch";
				INFOPLIST_FILE = "AC234Tests/AC234Tests-Info.plist";
				PRODUCT_NAME = "$(TARGET_NAME)";
				TEST_HOST = "$(BUNDLE_LOADER)";
				WRAPPER_EXTENSION = octest;
			};
			name = Release;
		};
/* End XCBuildConfiguration section */

/* Begin XCConfigurationList section */
		065E440A15B9DE0600EEECD8 /* Build configuration list for PBXProject "AC234" */ = {
			isa = XCConfigurationList;
			buildConfigurations = (
				065E444F15B9DE0700EEECD8 /* Debug */,
				065E445015B9DE0700EEECD8 /* Release */,
			);
			defaultConfigurationIsVisible = 0;
			defaultConfigurationName = Release;
		};
		065E445115B9DE0700EEECD8 /* Build configuration list for PBXNativeTarget "AC234" */ = {
			isa = XCConfigurationList;
			buildConfigurations = (
				065E445215B9DE0700EEECD8 /* Debug */,
				065E445315B9DE0700EEECD8 /* Release */,
			);
			defaultConfigurationIsVisible = 0;
			defaultConfigurationName = Release;
		};
		065E445415B9DE0700EEECD8 /* Build configuration list for PBXNativeTarget "AC234Tests" */ = {
			isa = XCConfigurationList;
			buildConfigurations = (
				065E445515B9DE0700EEECD8 /* Debug */,
				065E445615B9DE0700EEECD8 /* Release */,
			);
			defaultConfigurationIsVisible = 0;
			defaultConfigurationName = Release;
		};
/* End XCConfigurationList section */
	};
	rootObject = 065E440715B9DE0600EEECD8 /* Project object */;
}
